
Microsoft Visual Studio Solution File, Format Version 12.00
# Visual Studio Version 17
VisualStudioVersion = 17.4.33205.214
MinimumVisualStudioVersion = 10.0.40219.1
Project("{FAE04EC0-301F-11D3-BF4B-00C04F79EFBC}") = "Inspimo_AonetMovie", "Inspimo_AonetMovie\Inspimo_AonetMovie.csproj", "{B42BF2F7-D9D7-4EBD-B354-C77D663BBA1E}"
EndProject
Global
	GlobalSection(SolutionConfigurationPlatforms) = preSolution
		Debug|Any CPU = Debug|Any CPU
		Release|Any CPU = Release|Any CPU
	EndGlobalSection
	GlobalSection(ProjectConfigurationPlatforms) = postSolution
		{B42BF2F7-D9D7-4EBD-B354-C77D663BBA1E}.Debug|Any CPU.ActiveCfg = Debug|Any CPU
		{B42BF2F7-D9D7-4EBD-B354-C77D663BBA1E}.Debug|Any CPU.Build.0 = Debug|Any CPU
		{B42BF2F7-D9D7-4EBD-B354-C77D663BBA1E}.Release|Any CPU.ActiveCfg = Release|Any CPU
		{B42BF2F7-D9D7-4EBD-B354-C77D663BBA1E}.Release|Any CPU.Build.0 = Release|Any CPU
	EndGlobalSection
	GlobalSection(SolutionProperties) = preSolution
		HideSolutionNode = FALSE
	EndGlobalSection
	GlobalSection(ExtensibilityGlobals) = postSolution
		SolutionGuid = {CC96BCCE-2D27-46C5-ADAE-5286D2E147DD}
	EndGlobalSection
EndGlobal
